
Microsoft Visual Studio Solution File, Format Version 11.00
# Visual Studio 2010
Project("{FAE04EC0-301F-11D3-BF4B-00C04F79EFBC}") = "ChartEngine.Tester", "ChartEngine.Tester\ChartEngine.Tester.csproj", "{96EF7978-D1A8-41B6-AEC4-0862194665F0}"
EndProject
Project("{FAE04EC0-301F-11D3-BF4B-00C04F79EFBC}") = "WES.GdiEngine", "WES.GdiEngine\WES.GdiEngine.csproj", "{C2A1E2EC-CA72-4060-9F7F-E9530454953D}"
EndProject
Global
	GlobalSection(SolutionConfigurationPlatforms) = preSolution
		Debug|x86 = Debug|x86
		Release|x86 = Release|x86
	EndGlobalSection
	GlobalSection(ProjectConfigurationPlatforms) = postSolution
		{96EF7978-D1A8-41B6-AEC4-0862194665F0}.Debug|x86.ActiveCfg = Debug|x86
		{96EF7978-D1A8-41B6-AEC4-0862194665F0}.Debug|x86.Build.0 = Debug|x86
		{96EF7978-D1A8-41B6-AEC4-0862194665F0}.Release|x86.ActiveCfg = Release|x86
		{96EF7978-D1A8-41B6-AEC4-0862194665F0}.Release|x86.Build.0 = Release|x86
		{C2A1E2EC-CA72-4060-9F7F-E9530454953D}.Debug|x86.ActiveCfg = Debug|x86
		{C2A1E2EC-CA72-4060-9F7F-E9530454953D}.Debug|x86.Build.0 = Debug|x86
		{C2A1E2EC-CA72-4060-9F7F-E9530454953D}.Release|x86.ActiveCfg = Release|x86
		{C2A1E2EC-CA72-4060-9F7F-E9530454953D}.Release|x86.Build.0 = Release|x86
	EndGlobalSection
	GlobalSection(SolutionProperties) = preSolution
		HideSolutionNode = FALSE
	EndGlobalSection
EndGlobal
